Microsoft Visual Studio Solution File, Format Version 12.00
# Visual Studio Version 17
VisualStudioVersion = 17.5.2.0
MinimumVisualStudioVersion = 10.0.40219.1
Project("{FAE04EC0-301F-11D3-BF4B-00C04F79EFBC}") = "StarterApp.Migrations", "StarterApp.Migrations.csproj", "{D91F5879-BF53-040F-3D6B-D8B2F5F33E9E}"
EndProject
Global
	GlobalSection(SolutionConfigurationPlatforms) = preSolution
		Debug|Any CPU = Debug|Any CPU
		Release|Any CPU = Release|Any CPU
	EndGlobalSection
	GlobalSection(ProjectConfigurationPlatforms) = postSolution
		{D91F5879-BF53-040F-3D6B-D8B2F5F33E9E}.Debug|Any CPU.ActiveCfg = Debug|Any CPU
		{D91F5879-BF53-040F-3D6B-D8B2F5F33E9E}.Debug|Any CPU.Build.0 = Debug|Any CPU
		{D91F5879-BF53-040F-3D6B-D8B2F5F33E9E}.Release|Any CPU.ActiveCfg = Release|Any CPU
		{D91F5879-BF53-040F-3D6B-D8B2F5F33E9E}.Release|Any CPU.Build.0 = Release|Any CPU
	EndGlobalSection
	GlobalSection(SolutionProperties) = preSolution
		HideSolutionNode = FALSE
	EndGlobalSection
	GlobalSection(ExtensibilityGlobals) = postSolution
		SolutionGuid = {DD83C244-87B4-495C-B3D4-C4586A7DC7EC}
	EndGlobalSection
EndGlobal
